
Microsoft Visual Studio Solution File, Format Version 12.00
# Visual Studio 11
Project("{FAE04EC0-301F-11D3-BF4B-00C04F79EFBC}") = "D3ItemCodeAnalyzer", "D3ItemCodeAnalyzer.csproj", "{D2858D82-3EBD-40E6-94ED-4B106F1464B1}"
EndProject
Project("{FAE04EC0-301F-11D3-BF4B-00C04F79EFBC}") = "D3ItemCodeAnalyzerGUI", "D3ItemCodeAnalyzerGUI\D3ItemCodeAnalyzerGUI.csproj", "{D8561A65-3361-479B-A9C7-A57D42D5F2BF}"
EndProject
Global
	GlobalSection(SolutionConfigurationPlatforms) = preSolution
		Debug|Any CPU = Debug|Any CPU
		Release|Any CPU = Release|Any CPU
	EndGlobalSection
	GlobalSection(ProjectConfigurationPlatforms) = postSolution
		{D2858D82-3EBD-40E6-94ED-4B106F1464B1}.Debug|Any CPU.ActiveCfg = Debug|Any CPU
		{D2858D82-3EBD-40E6-94ED-4B106F1464B1}.Debug|Any CPU.Build.0 = Debug|Any CPU
		{D2858D82-3EBD-40E6-94ED-4B106F1464B1}.Release|Any CPU.ActiveCfg = Release|Any CPU
		{D2858D82-3EBD-40E6-94ED-4B106F1464B1}.Release|Any CPU.Build.0 = Release|Any CPU
		{D8561A65-3361-479B-A9C7-A57D42D5F2BF}.Debug|Any CPU.ActiveCfg = Debug|Any CPU
		{D8561A65-3361-479B-A9C7-A57D42D5F2BF}.Debug|Any CPU.Build.0 = Debug|Any CPU
		{D8561A65-3361-479B-A9C7-A57D42D5F2BF}.Release|Any CPU.ActiveCfg = Release|Any CPU
		{D8561A65-3361-479B-A9C7-A57D42D5F2BF}.Release|Any CPU.Build.0 = Release|Any CPU
	EndGlobalSection
	GlobalSection(SolutionProperties) = preSolution
		HideSolutionNode = FALSE
	EndGlobalSection
EndGlobal
